
Microsoft Visual Studio Solution File, Format Version 12.00
# Visual Studio Version 16
VisualStudioVersion = 16.0.31005.135
MinimumVisualStudioVersion = 10.0.40219.1
Project("{FAE04EC0-301F-11D3-BF4B-00C04F79EFBC}") = "BeatCounter", "BeatCounter.csproj", "{02342D59-5DC9-476A-A833-E8EBF96269E5}"
EndProject
Global
	GlobalSection(SolutionConfigurationPlatforms) = preSolution
		Debug|Any CPU = Debug|Any CPU
		Release|Any CPU = Release|Any CPU
	EndGlobalSection
	GlobalSection(ProjectConfigurationPlatforms) = postSolution
		{02342D59-5DC9-476A-A833-E8EBF96269E5}.Debug|Any CPU.ActiveCfg = Debug|Any CPU
		{02342D59-5DC9-476A-A833-E8EBF96269E5}.Debug|Any CPU.Build.0 = Debug|Any CPU
		{02342D59-5DC9-476A-A833-E8EBF96269E5}.Release|Any CPU.ActiveCfg = Release|Any CPU
		{02342D59-5DC9-476A-A833-E8EBF96269E5}.Release|Any CPU.Build.0 = Release|Any CPU
	EndGlobalSection
	GlobalSection(SolutionProperties) = preSolution
		HideSolutionNode = FALSE
	EndGlobalSection
	GlobalSection(ExtensibilityGlobals) = postSolution
		SolutionGuid = {56F315A6-9C12-4480-A51A-5122A178EAAD}
	EndGlobalSection
EndGlobal
